
Microsoft Visual Studio Solution File, Format Version 12.00
# Visual Studio Version 17
VisualStudioVersion = 17.3.32901.215
MinimumVisualStudioVersion = 10.0.40219.1
Project("{FAE04EC0-301F-11D3-BF4B-00C04F79EFBC}") = "EmergencyQueue_Crownhart", "EmergencyQueue_Crownhart.csproj", "{9208DB10-C5B2-4799-A9FD-592220E58101}"
EndProject
Global
	GlobalSection(SolutionConfigurationPlatforms) = preSolution
		Debug|Any CPU = Debug|Any CPU
		Release|Any CPU = Release|Any CPU
	EndGlobalSection
	GlobalSection(ProjectConfigurationPlatforms) = postSolution
		{9208DB10-C5B2-4799-A9FD-592220E58101}.Debug|Any CPU.ActiveCfg = Debug|Any CPU
		{9208DB10-C5B2-4799-A9FD-592220E58101}.Debug|Any CPU.Build.0 = Debug|Any CPU
		{9208DB10-C5B2-4799-A9FD-592220E58101}.Release|Any CPU.ActiveCfg = Release|Any CPU
		{9208DB10-C5B2-4799-A9FD-592220E58101}.Release|Any CPU.Build.0 = Release|Any CPU
	EndGlobalSection
	GlobalSection(SolutionProperties) = preSolution
		HideSolutionNode = FALSE
	EndGlobalSection
	GlobalSection(ExtensibilityGlobals) = postSolution
		SolutionGuid = {407AC034-3ADF-42A2-A867-E6F2DD24F324}
	EndGlobalSection
EndGlobal
